
Microsoft Visual Studio Solution File, Format Version 12.00
# Visual Studio 15
VisualStudioVersion = 15.0.27428.2015
MinimumVisualStudioVersion = 10.0.40219.1
Project("{FAE04EC0-301F-11D3-BF4B-00C04F79EFBC}") = "Baza programului", "Baza programului\Baza programului.csproj", "{9927B2E2-57CC-4AB3-A70F-45D906BE4805}"
EndProject
Global
	GlobalSection(SolutionConfigurationPlatforms) = preSolution
		Debug|Any CPU = Debug|Any CPU
		Release|Any CPU = Release|Any CPU
	EndGlobalSection
	GlobalSection(ProjectConfigurationPlatforms) = postSolution
		{9927B2E2-57CC-4AB3-A70F-45D906BE4805}.Debug|Any CPU.ActiveCfg = Debug|Any CPU
		{9927B2E2-57CC-4AB3-A70F-45D906BE4805}.Debug|Any CPU.Build.0 = Debug|Any CPU
		{9927B2E2-57CC-4AB3-A70F-45D906BE4805}.Release|Any CPU.ActiveCfg = Release|Any CPU
		{9927B2E2-57CC-4AB3-A70F-45D906BE4805}.Release|Any CPU.Build.0 = Release|Any CPU
	EndGlobalSection
	GlobalSection(SolutionProperties) = preSolution
		HideSolutionNode = FALSE
	EndGlobalSection
	GlobalSection(ExtensibilityGlobals) = postSolution
		SolutionGuid = {191F4932-75D7-4CB5-BA97-85DDA12654A3}
	EndGlobalSection
EndGlobal
